
Microsoft Visual Studio Solution File, Format Version 12.00
# Visual Studio Version 16
VisualStudioVersion = 16.0.31205.134
MinimumVisualStudioVersion = 10.0.40219.1
Project("{FAE04EC0-301F-11D3-BF4B-00C04F79EFBC}") = "RestWithASPNETUdemy", "RestWithASPNETUdemy\RestWithASPNETUdemy.csproj", "{E43B2661-42A0-4630-9430-45FBD87B5F90}"
EndProject
Global
	GlobalSection(SolutionConfigurationPlatforms) = preSolution
		Debug|Any CPU = Debug|Any CPU
		Release|Any CPU = Release|Any CPU
	EndGlobalSection
	GlobalSection(ProjectConfigurationPlatforms) = postSolution
		{E43B2661-42A0-4630-9430-45FBD87B5F90}.Debug|Any CPU.ActiveCfg = Debug|Any CPU
		{E43B2661-42A0-4630-9430-45FBD87B5F90}.Debug|Any CPU.Build.0 = Debug|Any CPU
		{E43B2661-42A0-4630-9430-45FBD87B5F90}.Release|Any CPU.ActiveCfg = Release|Any CPU
		{E43B2661-42A0-4630-9430-45FBD87B5F90}.Release|Any CPU.Build.0 = Release|Any CPU
	EndGlobalSection
	GlobalSection(SolutionProperties) = preSolution
		HideSolutionNode = FALSE
	EndGlobalSection
	GlobalSection(ExtensibilityGlobals) = postSolution
		SolutionGuid = {699A8CB4-4ADC-4989-9D69-D6EB90F2AF4E}
	EndGlobalSection
EndGlobal
